<?xml version="1.0" encoding="utf-8"?>
<Project ToolsVersion="4.0" xmlns="http://schemas.microsoft.com/developer/msbuild/2003">
  <ItemGroup>
    <Filter Include="Quelldateien">
      <UniqueIdentifier>{4FC737F1-C7A5-4376-A066-2A32D752A2FF}</UniqueIdentifier>
      <Extensions>cpp;c;cc;cxx;def;odl;idl;hpj;bat;asm;asmx</Extensions>
    </Filter>
    <Filter Include="Headerdateien">
      <UniqueIdentifier>{93995380-89BD-4b04-88EB-625FBE52EBFB}</UniqueIdentifier>
      <Extensions>h;hh;hpp;hxx;hm;inl;inc;xsd</Extensions>
    </Filter>
    <Filter Include="Ressourcendateien">
      <UniqueIdentifier>{67DA6AB6-F800-4c08-8B7A-83BB121AAD01}</UniqueIdentifier>
      <Extensions>rc;ico;cur;bmp;dlg;rc2;rct;bin;rgs;gif;jpg;jpeg;jpe;resx;tiff;tif;png;wav;mfcribbon-ms</Extensions>
    </Filter>
    <Filter Include="Headerdateien\RSA">
      <UniqueIdentifier>{142e7655-6f25-43b4-9e8a-e8300aa2c5fc}</UniqueIdentifier>
    </Filter>
    <Filter Include="Quelldateien\RSA">
      <UniqueIdentifier>{fd775fe0-5331-45c2-8478-70ca828e08cc}</UniqueIdentifier>
    </Filter>
    <Filter Include="Quelldateien\Utils">
      <UniqueIdentifier>{d9040617-3c59-4b0e-9c97-4d5e58241b90}</UniqueIdentifier>
    </Filter>
    <Filter Include="Headerdateien\Utils">
      <UniqueIdentifier>{19ede81d-66b8-4809-9d16-480bb89ddeca}</UniqueIdentifier>
    </Filter>
    <Filter Include="Headerdateien\Utils\File">
      <UniqueIdentifier>{532f3bb7-4b15-4230-acf0-646cb095268e}</UniqueIdentifier>
    </Filter>
    <Filter Include="Quelldateien\Utils\File">
      <UniqueIdentifier>{157398ee-20e9-4570-a65e-1e8d78f55b89}</UniqueIdentifier>
    </Filter>
    <Filter Include="Headerdateien\PPM">
      <UniqueIdentifier>{bd8f77f2-8893-48fe-a505-197d9e9e7a46}</UniqueIdentifier>
    </Filter>
    <Filter Include="Quelldateien\PPM">
      <UniqueIdentifier>{e8777130-113a-41dd-8b01-67e8f7ba116a}</UniqueIdentifier>
    </Filter>
  </ItemGroup>
  <ItemGroup>
    <ClCompile Include="main.cpp">
      <Filter>Quelldateien</Filter>
    </ClCompile>
    <ClCompile Include="Signer.cpp">
      <Filter>Quelldateien\RSA</Filter>
    </ClCompile>
    <ClCompile Include="FileBinary.cpp">
      <Filter>Quelldateien\Utils\File</Filter>
    </ClCompile>
    <ClCompile Include="File.cpp">
      <Filter>Quelldateien\Utils\File</Filter>
    </ClCompile>
    <ClCompile Include="Flipnote.cpp">
      <Filter>Quelldateien\PPM</Filter>
    </ClCompile>
    <ClCompile Include="PPM_RSA.cpp">
      <Filter>Quelldateien\PPM</Filter>
    </ClCompile>
    <ClCompile Include="Names.cpp">
      <Filter>Quelldateien\PPM</Filter>
    </ClCompile>
    <ClCompile Include="PPM_Filename.cpp">
      <Filter>Quelldateien\PPM</Filter>
    </ClCompile>
  </ItemGroup>
  <ItemGroup>
    <ClInclude Include="Signer.hpp">
      <Filter>Headerdateien\RSA</Filter>
    </ClInclude>
    <ClInclude Include="File.hpp">
      <Filter>Headerdateien\Utils\File</Filter>
    </ClInclude>
    <ClInclude Include="types.h">
      <Filter>Headerdateien\Utils</Filter>
    </ClInclude>
    <ClInclude Include="resource1.h">
      <Filter>Ressourcendateien</Filter>
    </ClInclude>
    <ClInclude Include="Flipnote.hpp">
      <Filter>Headerdateien\PPM</Filter>
    </ClInclude>
    <ClInclude Include="PPM_Filename.hpp">
      <Filter>Headerdateien\PPM</Filter>
    </ClInclude>
  </ItemGroup>
  <ItemGroup>
    <ResourceCompile Include="FlipnoteTools.rc">
      <Filter>Ressourcendateien</Filter>
    </ResourceCompile>
  </ItemGroup>
</Project>